
Microsoft Visual Studio Solution File, Format Version 12.00
# Visual Studio Version 17
VisualStudioVersion = 17.5.33502.453
MinimumVisualStudioVersion = 10.0.40219.1
Project("{FAE04EC0-301F-11D3-BF4B-00C04F79EFBC}") = "Task_2", "Task_2\Task_2.csproj", "{402FA002-9A66-4CDB-A2F8-BC128238A5BE}"
EndProject
Project("{FAE04EC0-301F-11D3-BF4B-00C04F79EFBC}") = "Task_3", "Task_3\Task_3.csproj", "{8DDF2964-39E1-4999-BD8A-2167A5EE05D0}"
EndProject
Project("{FAE04EC0-301F-11D3-BF4B-00C04F79EFBC}") = "Task_5", "Task_5\Task_5.csproj", "{86CA079A-2DED-486D-A888-3957A3E3AC46}"
EndProject
Global
	GlobalSection(SolutionConfigurationPlatforms) = preSolution
		Debug|Any CPU = Debug|Any CPU
		Release|Any CPU = Release|Any CPU
	EndGlobalSection
	GlobalSection(ProjectConfigurationPlatforms) = postSolution
		{402FA002-9A66-4CDB-A2F8-BC128238A5BE}.Debug|Any CPU.ActiveCfg = Debug|Any CPU
		{402FA002-9A66-4CDB-A2F8-BC128238A5BE}.Debug|Any CPU.Build.0 = Debug|Any CPU
		{402FA002-9A66-4CDB-A2F8-BC128238A5BE}.Release|Any CPU.ActiveCfg = Release|Any CPU
		{402FA002-9A66-4CDB-A2F8-BC128238A5BE}.Release|Any CPU.Build.0 = Release|Any CPU
		{8DDF2964-39E1-4999-BD8A-2167A5EE05D0}.Debug|Any CPU.ActiveCfg = Debug|Any CPU
		{8DDF2964-39E1-4999-BD8A-2167A5EE05D0}.Debug|Any CPU.Build.0 = Debug|Any CPU
		{8DDF2964-39E1-4999-BD8A-2167A5EE05D0}.Release|Any CPU.ActiveCfg = Release|Any CPU
		{8DDF2964-39E1-4999-BD8A-2167A5EE05D0}.Release|Any CPU.Build.0 = Release|Any CPU
		{86CA079A-2DED-486D-A888-3957A3E3AC46}.Debug|Any CPU.ActiveCfg = Debug|Any CPU
		{86CA079A-2DED-486D-A888-3957A3E3AC46}.Debug|Any CPU.Build.0 = Debug|Any CPU
		{86CA079A-2DED-486D-A888-3957A3E3AC46}.Release|Any CPU.ActiveCfg = Release|Any CPU
		{86CA079A-2DED-486D-A888-3957A3E3AC46}.Release|Any CPU.Build.0 = Release|Any CPU
	EndGlobalSection
	GlobalSection(SolutionProperties) = preSolution
		HideSolutionNode = FALSE
	EndGlobalSection
	GlobalSection(ExtensibilityGlobals) = postSolution
		SolutionGuid = {A0FAF940-F84B-4476-A22A-3F262E03E4CF}
	EndGlobalSection
EndGlobal
